{
	"name": "tailwindcss-atomic",
	"version": "1.0.14",
	"lockfileVersion": 3,
	"requires": true,
	"packages": {
		"": {
			"name": "tailwindcss-atomic",
			"version": "1.0.14",
			"dependencies": {
				"@babel/generator": "^7.24.0",
				"@babel/parser": "^7.24.0",
				"@babel/traverse": "^7.24.0",
				"postcss": "^8.0.0",
				"unplugin": "^1.10.0"
			},
			"devDependencies": {
				"@types/node": "^22.20.1",
				"tsdown": "^0.22.14",
				"typescript": "^7.0.2"
			},
			"engines": {
				"node": ">=22.18.0"
			},
			"peerDependencies": {
				"postcss": "^8.0.0",
				"webpack": ">=5"
			},
			"peerDependenciesMeta": {
				"webpack": {
					"optional": true
				}
			}
		},
		"../node_modules/.pnpm/@babel+generator@7.29.8/node_modules/@babel/generator": {
			"version": "7.29.8",
			"license": "MIT",
			"dependencies": {
				"@babel/parser": "^7.29.8",
				"@babel/types": "^7.29.8",
				"@jridgewell/gen-mapping": "^0.3.12",
				"@jridgewell/trace-mapping": "^0.3.28",
				"jsesc": "^3.0.2"
			},
			"devDependencies": {
				"@babel/core": "^7.29.7",
				"@babel/helper-fixtures": "^7.29.7",
				"@babel/plugin-transform-typescript": "^7.29.7",
				"@jridgewell/sourcemap-codec": "^1.5.3",
				"charcodes": "^0.2.0"
			},
			"engines": {
				"node": ">=6.9.0"
			}
		},
		"../node_modules/.pnpm/@babel+parser@7.29.8/node_modules/@babel/parser": {
			"version": "7.29.8",
			"license": "MIT",
			"dependencies": {
				"@babel/types": "^7.29.8"
			},
			"bin": {
				"parser": "bin/babel-parser.js"
			},
			"devDependencies": {
				"@babel/code-frame": "^7.29.7",
				"@babel/helper-check-duplicate-nodes": "^7.29.7",
				"@babel/helper-fixtures": "^7.29.7",
				"@babel/helper-string-parser": "^7.29.7",
				"@babel/helper-validator-identifier": "^7.29.7",
				"charcodes": "^0.2.0"
			},
			"engines": {
				"node": ">=6.0.0"
			}
		},
		"../node_modules/.pnpm/@babel+traverse@7.29.8/node_modules/@babel/traverse": {
			"version": "7.29.8",
			"license": "MIT",
			"dependencies": {
				"@babel/code-frame": "^7.29.7",
				"@babel/generator": "^7.29.8",
				"@babel/helper-globals": "^7.29.7",
				"@babel/parser": "^7.29.8",
				"@babel/template": "^7.29.7",
				"@babel/types": "^7.29.8",
				"debug": "^4.3.1"
			},
			"devDependencies": {
				"@babel/core": "^7.29.7",
				"@babel/helper-plugin-test-runner": "^7.29.7"
			},
			"engines": {
				"node": ">=6.9.0"
			}
		},
		"../node_modules/.pnpm/postcss@8.5.26/node_modules/postcss": {
			"version": "8.5.26",
			"funding": [
				{
					"type": "opencollective",
					"url": "https://opencollective.com/postcss/"
				},
				{
					"type": "tidelift",
					"url": "https://tidelift.com/funding/github/npm/postcss"
				},
				{
					"type": "github",
					"url": "https://github.com/sponsors/ai"
				}
			],
			"license": "MIT",
			"dependencies": {
				"nanoid": "^3.3.17",
				"picocolors": "^1.1.1",
				"source-map-js": "^1.2.1"
			},
			"engines": {
				"node": "^10 || ^12 || >=14"
			}
		},
		"../node_modules/.pnpm/tsdown@0.22.14_typescript@7.0.2/node_modules/tsdown": {
			"version": "0.22.14",
			"dev": true,
			"license": "MIT",
			"dependencies": {
				"ansis": "^4.3.1",
				"cac": "^7.0.0",
				"defu": "^6.1.7",
				"empathic": "^2.0.1",
				"hookable": "^6.1.1",
				"import-without-cache": "^0.4.0",
				"obug": "^2.1.4",
				"picomatch": "^4.0.5",
				"rolldown": "~1.2.0",
				"rolldown-plugin-dts": "^0.27.13",
				"tinyexec": "^1.2.4",
				"tinyglobby": "^0.2.17",
				"tree-kill": "^1.2.2",
				"unconfig-core": "^7.5.0",
				"verkit": "^0.3.0"
			},
			"bin": {
				"tsdown": "dist/run.mjs"
			},
			"devDependencies": {
				"@arethetypeswrong/core": "^0.18.5",
				"@sxzz/eslint-config": "^8.3.1",
				"@sxzz/prettier-config": "^2.3.2",
				"@sxzz/test-utils": "^0.5.18",
				"@tsdown/css": "0.22.14",
				"@tsdown/exe": "0.22.14",
				"@types/node": "^26.1.1",
				"@types/picomatch": "^4.0.3",
				"@typescript/native-preview": "npm:typescript@7.0.2",
				"@unocss/eslint-plugin": "^66.7.5",
				"@vitejs/devtools": "^0.4.5",
				"@vitest/coverage-v8": "^4.1.10",
				"@vitest/ui": "^4.1.10",
				"@vueuse/core": "^14.3.0",
				"actionspack": "^0.1.5",
				"baseline-browser-mapping": "^2.11.1",
				"bumpp": "^12.0.0",
				"dedent": "^1.7.2",
				"eslint": "^10.7.0",
				"memfs": "^4.64.0",
				"package-manager-detector": "^1.8.0",
				"pkg-types": "^2.3.1",
				"postcss": "^8.5.22",
				"postcss-import": "^16.1.1",
				"prettier": "^3.9.6",
				"publint": "^0.3.22",
				"rolldown-plugin-require-cjs": "^0.4.1",
				"sass": "^1.101.6",
				"tsnapi": "^1.2.0",
				"tsx": "^4.23.1",
				"typescript": "~6.0.3",
				"unocss": "^66.7.5",
				"unplugin-ast": "^0.17.2",
				"unplugin-raw": "^0.7.0",
				"unplugin-unused": "^0.5.7",
				"unplugin-vue": "^7.2.0",
				"unrun": "^0.3.1",
				"vite": "^8.1.5",
				"vitest": "^4.1.10",
				"vue": "^3.5.40"
			},
			"engines": {
				"node": "^22.18.0 || >=24.11.0"
			},
			"funding": {
				"url": "https://github.com/sponsors/sxzz"
			},
			"peerDependencies": {
				"@arethetypeswrong/core": "^0.18.1",
				"@tsdown/css": "0.22.14",
				"@tsdown/exe": "0.22.14",
				"@vitejs/devtools": "*",
				"publint": "^0.3.8",
				"tsx": "*",
				"typescript": "^5.0.0 || ^6.0.0 || ^7.0.0",
				"unplugin-unused": "^0.5.0",
				"unrun": "*"
			},
			"peerDependenciesMeta": {
				"@arethetypeswrong/core": {
					"optional": true
				},
				"@tsdown/css": {
					"optional": true
				},
				"@tsdown/exe": {
					"optional": true
				},
				"@vitejs/devtools": {
					"optional": true
				},
				"publint": {
					"optional": true
				},
				"tsx": {
					"optional": true
				},
				"typescript": {
					"optional": true
				},
				"unplugin-unused": {
					"optional": true
				},
				"unrun": {
					"optional": true
				}
			}
		},
		"../node_modules/.pnpm/typescript@7.0.2/node_modules/typescript": {
			"version": "7.0.2",
			"dev": true,
			"license": "Apache-2.0",
			"bin": {
				"tsc": "bin/tsc"
			},
			"engines": {
				"node": ">=16.20.0"
			},
			"optionalDependencies": {
				"@typescript/typescript-aix-ppc64": "7.0.2",
				"@typescript/typescript-darwin-arm64": "7.0.2",
				"@typescript/typescript-darwin-x64": "7.0.2",
				"@typescript/typescript-freebsd-arm64": "7.0.2",
				"@typescript/typescript-freebsd-x64": "7.0.2",
				"@typescript/typescript-linux-arm": "7.0.2",
				"@typescript/typescript-linux-arm64": "7.0.2",
				"@typescript/typescript-linux-loong64": "7.0.2",
				"@typescript/typescript-linux-mips64el": "7.0.2",
				"@typescript/typescript-linux-ppc64": "7.0.2",
				"@typescript/typescript-linux-riscv64": "7.0.2",
				"@typescript/typescript-linux-s390x": "7.0.2",
				"@typescript/typescript-linux-x64": "7.0.2",
				"@typescript/typescript-netbsd-arm64": "7.0.2",
				"@typescript/typescript-netbsd-x64": "7.0.2",
				"@typescript/typescript-openbsd-arm64": "7.0.2",
				"@typescript/typescript-openbsd-x64": "7.0.2",
				"@typescript/typescript-sunos-x64": "7.0.2",
				"@typescript/typescript-win32-arm64": "7.0.2",
				"@typescript/typescript-win32-x64": "7.0.2"
			}
		},
		"../node_modules/.pnpm/unplugin@1.16.1/node_modules/unplugin": {
			"version": "1.16.1",
			"license": "MIT",
			"dependencies": {
				"acorn": "^8.14.0",
				"webpack-virtual-modules": "^0.6.2"
			},
			"devDependencies": {
				"@ampproject/remapping": "^2.3.0",
				"@antfu/eslint-config": "^3.8.0",
				"@antfu/ni": "^0.23.0",
				"@farmfe/cli": "1.0.3",
				"@farmfe/core": "1.3.12",
				"@rspack/cli": "^1.0.14",
				"@rspack/core": "^1.0.14",
				"@types/fs-extra": "^11.0.4",
				"@types/node": "^22.8.1",
				"@types/webpack-sources": "^3.2.3",
				"bumpp": "^9.7.1",
				"conventional-changelog-cli": "^5.0.0",
				"esbuild": "^0.24.0",
				"esbuild-plugin-copy": "^2.1.1",
				"eslint": "^9.13.0",
				"fast-glob": "^3.3.2",
				"fs-extra": "^11.2.0",
				"jiti": "^2.3.3",
				"lint-staged": "^15.2.10",
				"magic-string": "^0.30.12",
				"picocolors": "^1.1.1",
				"rolldown": "^0.13.2",
				"rollup": "^4.24.2",
				"simple-git-hooks": "^2.11.1",
				"tsup": "^8.3.5",
				"typescript": "^5.6.3",
				"unplugin": "workspace:*",
				"unplugin-unused": "^0.2.3",
				"vite": "^5.4.10",
				"vitest": "^2.1.4",
				"webpack": "^5.95.0",
				"webpack-cli": "4.10.0"
			},
			"engines": {
				"node": ">=14.0.0"
			}
		},
		"../node_modules/.pnpm/webpack@5.109.2_postcss@8.5.26/node_modules/webpack": {
			"version": "5.109.2",
			"license": "MIT",
			"optional": true,
			"peer": true,
			"dependencies": {
				"@types/estree": "^1.0.8",
				"@types/json-schema": "^7.0.15",
				"@webassemblyjs/ast": "^1.14.1",
				"@webassemblyjs/wasm-edit": "^1.14.1",
				"@webassemblyjs/wasm-parser": "^1.14.1",
				"acorn": "^8.16.0",
				"browserslist": "^4.28.1",
				"chrome-trace-event": "^1.0.2",
				"enhanced-resolve": "^5.24.4",
				"es-module-lexer": "^2.1.0",
				"eslint-scope": "5.1.1",
				"events": "^3.2.0",
				"graceful-fs": "^4.2.11",
				"mime-db": "^1.54.0",
				"minimizer-webpack-plugin": "^5.6.1",
				"neo-async": "^2.6.2",
				"schema-utils": "^4.3.3",
				"tapable": "^2.3.0",
				"watchpack": "^2.5.2",
				"webpack-sources": "^3.5.1"
			},
			"bin": {
				"webpack": "bin/webpack.js"
			},
			"devDependencies": {
				"@babel/core": "^8.0.1",
				"@babel/preset-react": "^8.0.1",
				"@changesets/cli": "^2.29.8",
				"@changesets/get-github-info": "^0.8.0",
				"@codspeed/core": "^5.5.0",
				"@types/convert-source-map": "^2.0.3",
				"@types/eslint-scope": "^3.7.7",
				"@types/graceful-fs": "^4.1.9",
				"@types/jest": "^30.0.0",
				"@types/mime-db": "^1.43.6",
				"@types/neo-async": "^2.6.7",
				"@types/node": "^25.6.0",
				"@types/xxhashjs": "^0.2.4",
				"@webdiscus/pug-loader": "^2.11.1",
				"assemblyscript": "^0.28.18",
				"babel-loader": "^10.0.0",
				"bundle-loader": "^0.5.6",
				"coffee-loader": "^5.0.0",
				"coffeescript": "^2.5.1",
				"core-js": "^3.47.0",
				"cspell": "^10.0.1",
				"css-loader": "^7.1.2",
				"date-fns": "^4.4.0",
				"es5-ext": "^0.10.53",
				"es6-promise-polyfill": "^1.2.0",
				"eslint": "^9.39.2",
				"eslint-config-webpack": "^4.9.3",
				"eta": "^4.6.0",
				"file-loader": "^6.0.0",
				"fork-ts-checker-webpack-plugin": "^9.0.2",
				"globals": "^17.6.0",
				"hash-wasm": "^4.9.0",
				"html-loader": "^5.1.0",
				"husky": "^9.0.11",
				"istanbul": "^0.4.5",
				"jest": "^30.3.0",
				"jest-circus": "^30.3.0",
				"jest-cli": "^30.3.0",
				"jest-diff": "^30.3.0",
				"jest-environment-node": "^30.3.0",
				"jest-junit": "^17.0.0",
				"jest-snapshot": "^30.3.0",
				"jest-worker": "^30.2.0",
				"json-loader": "^0.5.7",
				"json5": "^2.1.3",
				"less": "^4.6.4",
				"less-loader": "^13.0.0",
				"lint-staged": "^17.0.7",
				"lodash": "^4.17.19",
				"lodash-es": "^4.17.15",
				"memfs": "^4.57.6",
				"meriyah": "^7.0.0",
				"mini-css-extract-plugin": "^2.9.0",
				"mini-svg-data-uri": "^1.2.3",
				"node-gyp": "^13.0.0",
				"nyc": "^18.0.0",
				"open-cli": "^9.0.0",
				"oxc-parser": "^0.141.0",
				"pkg-pr-new": "^0.0.79",
				"prettier": "^3.8.2",
				"prettier-2": "npm:prettier@^2",
				"pretty-format": "^30.0.5",
				"pug": "^3.0.3",
				"puppeteer-core": "^25.3.0",
				"raw-loader": "^4.0.1",
				"react": "^19.2.7",
				"react-dom": "^19.2.7",
				"rehype-sanitize": "^6.0.0",
				"rehype-stringify": "^10.0.1",
				"remark-frontmatter": "^5.0.0",
				"remark-gfm": "^4.0.1",
				"remark-parse": "^11.0.0",
				"remark-rehype": "^11.1.2",
				"rimraf": "^3.0.2",
				"script-loader": "^0.7.2",
				"simple-git": "^3.28.0",
				"style-loader": "^4.0.0",
				"terser": "^5.46.2",
				"three": "^0.185.1",
				"tinybench": "^6.0.1",
				"toml": "^4.1.1",
				"tooling": "webpack/tooling#v1.27.0",
				"ts-loader": "^9.6.0",
				"typescript": "^6.0.3",
				"unified": "^11.0.5",
				"url-loader": "^4.1.0",
				"wast-loader": "^1.12.1",
				"webassembly-feature": "1.3.0",
				"webpack-cli": "^7.2.1",
				"webpack-dev-server": "^6.0.0",
				"xxhashjs": "^0.2.2",
				"yamljs": "^0.3.0"
			},
			"engines": {
				"node": ">=10.13.0"
			},
			"funding": {
				"type": "opencollective",
				"url": "https://opencollective.com/webpack"
			},
			"peerDependenciesMeta": {
				"webpack-cli": {
					"optional": true
				}
			}
		},
		"node_modules/@babel/generator": {
			"resolved": "../node_modules/.pnpm/@babel+generator@7.29.8/node_modules/@babel/generator",
			"link": true
		},
		"node_modules/@babel/parser": {
			"resolved": "../node_modules/.pnpm/@babel+parser@7.29.8/node_modules/@babel/parser",
			"link": true
		},
		"node_modules/@babel/traverse": {
			"resolved": "../node_modules/.pnpm/@babel+traverse@7.29.8/node_modules/@babel/traverse",
			"link": true
		},
		"node_modules/@types/node": {
			"version": "22.20.1",
			"resolved": "https://registry.npmjs.org/@types/node/-/node-22.20.1.tgz",
			"integrity": "sha512-EANqOCF9QFyra+4pfxUcX9STKJpCLjMbObVzljIJomAWSnuSIEAvyzEU53GaajbXJEgdh0iEcPL+DGvpUd4k1Q==",
			"dev": true,
			"license": "MIT",
			"dependencies": {
				"undici-types": "~6.21.0"
			}
		},
		"node_modules/postcss": {
			"resolved": "../node_modules/.pnpm/postcss@8.5.26/node_modules/postcss",
			"link": true
		},
		"node_modules/tsdown": {
			"resolved": "../node_modules/.pnpm/tsdown@0.22.14_typescript@7.0.2/node_modules/tsdown",
			"link": true
		},
		"node_modules/typescript": {
			"resolved": "../node_modules/.pnpm/typescript@7.0.2/node_modules/typescript",
			"link": true
		},
		"node_modules/undici-types": {
			"version": "6.21.0",
			"resolved": "https://registry.npmjs.org/undici-types/-/undici-types-6.21.0.tgz",
			"integrity": "sha512-iwDZqg0QAGrg9Rav5H4n0M64c3mkR59cJ6wQp+7C4nI0gsmExaedaYLNO44eT4AtBBwjbTiGPMlt2Md0T9H9JQ==",
			"dev": true,
			"license": "MIT"
		},
		"node_modules/unplugin": {
			"resolved": "../node_modules/.pnpm/unplugin@1.16.1/node_modules/unplugin",
			"link": true
		},
		"node_modules/webpack": {
			"resolved": "../node_modules/.pnpm/webpack@5.109.2_postcss@8.5.26/node_modules/webpack",
			"link": true
		}
	}
}
